
Microsoft Visual Studio Solution File, Format Version 12.00
# Visual Studio Version 17
VisualStudioVersion = 17.5.33502.453
MinimumVisualStudioVersion = 10.0.40219.1
Project("{9A19103F-16F7-4668-BE54-9A1E7A4F7556}") = "API_ClinicManagement", "ClinicManagement_API\API_ClinicManagement.csproj", "{316F035D-49FC-4698-AF13-7D6C8405C2C6}"
EndProject
Project("{9A19103F-16F7-4668-BE54-9A1E7A4F7556}") = "ClinicManagement_Model", "ClinicManagement_Model\ClinicManagement_Model.csproj", "{747979F5-12C9-4AAD-9C8D-B1E4F460D286}"
EndProject
Project("{E53339B2-1760-4266-BCC7-CA923CBCF16C}") = "docker-compose", "docker-compose.dcproj", "{D603F045-FC6F-4CA3-8BFA-F74DE0FEB1F3}"
EndProject
Global
	GlobalSection(SolutionConfigurationPlatforms) = preSolution
		Debug|Any CPU = Debug|Any CPU
		Release|Any CPU = Release|Any CPU
	EndGlobalSection
	GlobalSection(ProjectConfigurationPlatforms) = postSolution
		{316F035D-49FC-4698-AF13-7D6C8405C2C6}.Debug|Any CPU.ActiveCfg = Debug|Any CPU
		{316F035D-49FC-4698-AF13-7D6C8405C2C6}.Debug|Any CPU.Build.0 = Debug|Any CPU
		{316F035D-49FC-4698-AF13-7D6C8405C2C6}.Release|Any CPU.ActiveCfg = Release|Any CPU
		{316F035D-49FC-4698-AF13-7D6C8405C2C6}.Release|Any CPU.Build.0 = Release|Any CPU
		{747979F5-12C9-4AAD-9C8D-B1E4F460D286}.Debug|Any CPU.ActiveCfg = Debug|Any CPU
		{747979F5-12C9-4AAD-9C8D-B1E4F460D286}.Debug|Any CPU.Build.0 = Debug|Any CPU
		{747979F5-12C9-4AAD-9C8D-B1E4F460D286}.Release|Any CPU.ActiveCfg = Release|Any CPU
		{747979F5-12C9-4AAD-9C8D-B1E4F460D286}.Release|Any CPU.Build.0 = Release|Any CPU
		{D603F045-FC6F-4CA3-8BFA-F74DE0FEB1F3}.Debug|Any CPU.ActiveCfg = Debug|Any CPU
		{D603F045-FC6F-4CA3-8BFA-F74DE0FEB1F3}.Debug|Any CPU.Build.0 = Debug|Any CPU
		{D603F045-FC6F-4CA3-8BFA-F74DE0FEB1F3}.Release|Any CPU.ActiveCfg = Release|Any CPU
		{D603F045-FC6F-4CA3-8BFA-F74DE0FEB1F3}.Release|Any CPU.Build.0 = Release|Any CPU
	EndGlobalSection
	GlobalSection(SolutionProperties) = preSolution
		HideSolutionNode = FALSE
	EndGlobalSection
	GlobalSection(ExtensibilityGlobals) = postSolution
		SolutionGuid = {20D2D579-4D7F-4A1A-BF88-6DD1266088CC}
	EndGlobalSection
EndGlobal
